uuid: 7421456c-d5ee-41c3-976f-c63aaeb32922
langcode: en
status: true
dependencies:
  module:
    - block_content
    - link
id: block_content.field_add_a_block
field_name: field_add_a_block
entity_type: block_content
type: link
settings: {  }
module: link
locked: false
cardinality: 1
translatable: true
indexes: {  }
persist_with_no_fields: false
custom_storage: false
